
Microsoft Visual Studio Solution File, Format Version 12.00
# Visual Studio Version 17
VisualStudioVersion = 17.2.32526.322
MinimumVisualStudioVersion = 10.0.40219.1
Project("{FAE04EC0-301F-11D3-BF4B-00C04F79EFBC}") = "PanasiaXbar", "PanasiaXbar\PanasiaXbar.csproj", "{A6976388-F9AA-45FB-A713-C12E88D2167E}"
EndProject
Global
	GlobalSection(SolutionConfigurationPlatforms) = preSolution
		Debug|Any CPU = Debug|Any CPU
		Release|Any CPU = Release|Any CPU
	EndGlobalSection
	GlobalSection(ProjectConfigurationPlatforms) = postSolution
		{A6976388-F9AA-45FB-A713-C12E88D2167E}.Debug|Any CPU.ActiveCfg = Debug|Any CPU
		{A6976388-F9AA-45FB-A713-C12E88D2167E}.Debug|Any CPU.Build.0 = Debug|Any CPU
		{A6976388-F9AA-45FB-A713-C12E88D2167E}.Release|Any CPU.ActiveCfg = Release|Any CPU
		{A6976388-F9AA-45FB-A713-C12E88D2167E}.Release|Any CPU.Build.0 = Release|Any CPU
	EndGlobalSection
	GlobalSection(SolutionProperties) = preSolution
		HideSolutionNode = FALSE
	EndGlobalSection
	GlobalSection(ExtensibilityGlobals) = postSolution
		SolutionGuid = {A9D1DB50-D9FB-4FF9-8D4A-CECC10D7EAA0}
	EndGlobalSection
EndGlobal
